
Microsoft Visual Studio Solution File, Format Version 12.00
# Visual Studio Version 17
VisualStudioVersion = 17.9.34728.123
MinimumVisualStudioVersion = 10.0.40219.1
Project("{FAE04EC0-301F-11D3-BF4B-00C04F79EFBC}") = "Curso", "Curso\Curso.csproj", "{2D2A35BF-A6FF-4EF3-B541-7846B562AC9E}"
EndProject
Global
	GlobalSection(SolutionConfigurationPlatforms) = preSolution
		Debug|Any CPU = Debug|Any CPU
		Release|Any CPU = Release|Any CPU
	EndGlobalSection
	GlobalSection(ProjectConfigurationPlatforms) = postSolution
		{2D2A35BF-A6FF-4EF3-B541-7846B562AC9E}.Debug|Any CPU.ActiveCfg = Debug|Any CPU
		{2D2A35BF-A6FF-4EF3-B541-7846B562AC9E}.Debug|Any CPU.Build.0 = Debug|Any CPU
		{2D2A35BF-A6FF-4EF3-B541-7846B562AC9E}.Release|Any CPU.ActiveCfg = Release|Any CPU
		{2D2A35BF-A6FF-4EF3-B541-7846B562AC9E}.Release|Any CPU.Build.0 = Release|Any CPU
	EndGlobalSection
	GlobalSection(SolutionProperties) = preSolution
		HideSolutionNode = FALSE
	EndGlobalSection
	GlobalSection(ExtensibilityGlobals) = postSolution
		SolutionGuid = {E2D91D02-BF99-44C8-9DE0-D59AC69D39C0}
	EndGlobalSection
EndGlobal
